
Microsoft Visual Studio Solution File, Format Version 12.00
# Visual Studio Version 17
VisualStudioVersion = 17.9.34728.123
MinimumVisualStudioVersion = 10.0.40219.1
Project("{FAE04EC0-301F-11D3-BF4B-00C04F79EFBC}") = "ASM2", "ASM2\ASM2.csproj", "{381B6D03-DEEE-4F96-9652-C7674E1399F5}"
EndProject
Global
	GlobalSection(SolutionConfigurationPlatforms) = preSolution
		Debug|Any CPU = Debug|Any CPU
		Release|Any CPU = Release|Any CPU
	EndGlobalSection
	GlobalSection(ProjectConfigurationPlatforms) = postSolution
		{381B6D03-DEEE-4F96-9652-C7674E1399F5}.Debug|Any CPU.ActiveCfg = Debug|Any CPU
		{381B6D03-DEEE-4F96-9652-C7674E1399F5}.Debug|Any CPU.Build.0 = Debug|Any CPU
		{381B6D03-DEEE-4F96-9652-C7674E1399F5}.Release|Any CPU.ActiveCfg = Release|Any CPU
		{381B6D03-DEEE-4F96-9652-C7674E1399F5}.Release|Any CPU.Build.0 = Release|Any CPU
	EndGlobalSection
	GlobalSection(SolutionProperties) = preSolution
		HideSolutionNode = FALSE
	EndGlobalSection
	GlobalSection(ExtensibilityGlobals) = postSolution
		SolutionGuid = {8C6FFE7F-8BB2-4A2E-A17E-F3C05004D326}
	EndGlobalSection
EndGlobal
